
Microsoft Visual Studio Solution File, Format Version 12.00
# Visual Studio Version 16
VisualStudioVersion = 16.0.32106.194
MinimumVisualStudioVersion = 10.0.40219.1
Project("{888888A0-9F3D-457C-B088-3A5042F75D52}") = "webbb", "webbb\webbb.pyproj", "{412389C5-55EB-4926-A01C-F204AF174DAA}"
EndProject
Global
	GlobalSection(SolutionConfigurationPlatforms) = preSolution
		Debug|Any CPU = Debug|Any CPU
		Release|Any CPU = Release|Any CPU
	EndGlobalSection
	GlobalSection(ProjectConfigurationPlatforms) = postSolution
		{412389C5-55EB-4926-A01C-F204AF174DAA}.Debug|Any CPU.ActiveCfg = Debug|Any CPU
		{412389C5-55EB-4926-A01C-F204AF174DAA}.Release|Any CPU.ActiveCfg = Release|Any CPU
	EndGlobalSection
	GlobalSection(SolutionProperties) = preSolution
		HideSolutionNode = FALSE
	EndGlobalSection
	GlobalSection(ExtensibilityGlobals) = postSolution
		SolutionGuid = {94341408-CC8D-4D27-8CBE-11970A53DC9B}
	EndGlobalSection
EndGlobal
